// !$*UTF8*$!
{
	archiveVersion = 1;
	classes = {
	};
	objectVersion = 56;
	objects = {

/* Begin PBXBuildFile section */
		0039CF1F29EFE25700AABED7 /* Resources.swift in Sources */ = {isa = PBXBuildFile; fileRef = 0039CF1E29EFE25700AABED7 /* Resources.swift */; };
		0039CF2529EFEDCD00AABED7 /* GreenButton.swift in Sources */ = {isa = PBXBuildFile; fileRef = 0039CF2429EFEDCD00AABED7 /* GreenButton.swift */; };
		045D2CA829F145850019CB00 /* TeamViewController.swift in Sources */ = {isa = PBXBuildFile; fileRef = 045D2CA729F145850019CB00 /* TeamViewController.swift */; };
		045D2CAB29F145B80019CB00 /* TeamCollectionViewCell.swift in Sources */ = {isa = PBXBuildFile; fileRef = 045D2CAA29F145B80019CB00 /* TeamCollectionViewCell.swift */; };
		045D2CAD29F146180019CB00 /* Category.swift in Sources */ = {isa = PBXBuildFile; fileRef = 045D2CAC29F146180019CB00 /* Category.swift */; };
		045D2CB029F147090019CB00 /* CategoryCollectionViewCell.swift in Sources */ = {isa = PBXBuildFile; fileRef = 045D2CAF29F147090019CB00 /* CategoryCollectionViewCell.swift */; };
		4E31403D29F3F40900B1AC84 /* TeamVC.swift in Sources */ = {isa = PBXBuildFile; fileRef = 4E31403C29F3F40900B1AC84 /* TeamVC.swift */; };
		4E31403F29F3F6BA00B1AC84 /* TeamVC+Ext.swift in Sources */ = {isa = PBXBuildFile; fileRef = 4E31403E29F3F6BA00B1AC84 /* TeamVC+Ext.swift */; };
		4E31404729F43EFB00B1AC84 /* CategoryVC.swift in Sources */ = {isa = PBXBuildFile; fileRef = 4E31404629F43EFB00B1AC84 /* CategoryVC.swift */; };
		4E31404929F43F8500B1AC84 /* CategoryVC+Ext.swift in Sources */ = {isa = PBXBuildFile; fileRef = 4E31404829F43F8500B1AC84 /* CategoryVC+Ext.swift */; };
		4E31405329F490B800B1AC84 /* MusicModel.swift in Sources */ = {isa = PBXBuildFile; fileRef = 4E31405229F490B800B1AC84 /* MusicModel.swift */; };
		4E31405529F490E800B1AC84 /* GameViewController.swift in Sources */ = {isa = PBXBuildFile; fileRef = 4E31405429F490E800B1AC84 /* GameViewController.swift */; };
		4E31405729F4910E00B1AC84 /* GameView.swift in Sources */ = {isa = PBXBuildFile; fileRef = 4E31405629F4910E00B1AC84 /* GameView.swift */; };
		4E31405929F491FD00B1AC84 /* Team.swift in Sources */ = {isa = PBXBuildFile; fileRef = 4E31405829F491FD00B1AC84 /* Team.swift */; };
		4E31405D29F4921500B1AC84 /* lost.wav in Resources */ = {isa = PBXBuildFile; fileRef = 4E31405A29F4921500B1AC84 /* lost.wav */; };
		4E31405E29F4921500B1AC84 /* win.wav in Resources */ = {isa = PBXBuildFile; fileRef = 4E31405B29F4921500B1AC84 /* win.wav */; };
		4E31405F29F4921500B1AC84 /* 321.wav in Resources */ = {isa = PBXBuildFile; fileRef = 4E31405C29F4921500B1AC84 /* 321.wav */; };
		4E31406129F492AD00B1AC84 /* CorrectWrongView.swift in Sources */ = {isa = PBXBuildFile; fileRef = 4E31406029F492AD00B1AC84 /* CorrectWrongView.swift */; };
		4E31406329F4948400B1AC84 /* GameResults.swift in Sources */ = {isa = PBXBuildFile; fileRef = 4E31406229F4948400B1AC84 /* GameResults.swift */; };
		4E31406629F497C000B1AC84 /* ResultCell.swift in Sources */ = {isa = PBXBuildFile; fileRef = 4E31406529F497C000B1AC84 /* ResultCell.swift */; };
		4E5DD48629F105D800E15AEE /* MainVC+ext.swift in Sources */ = {isa = PBXBuildFile; fileRef = 4E5DD48529F105D800E15AEE /* MainVC+ext.swift */; };
		4E954AA429ED05D600ADECE0 /* AppDelegate.swift in Sources */ = {isa = PBXBuildFile; fileRef = 4E954AA329ED05D600ADECE0 /* AppDelegate.swift */; };
		4E954AA629ED05D600ADECE0 /* SceneDelegate.swift in Sources */ = {isa = PBXBuildFile; fileRef = 4E954AA529ED05D600ADECE0 /* SceneDelegate.swift */; };
		4E954AA829ED05D600ADECE0 /* MainViewController.swift in Sources */ = {isa = PBXBuildFile; fileRef = 4E954AA729ED05D600ADECE0 /* MainViewController.swift */; };
		4E954AAD29ED05D900ADECE0 /* Assets.xcassets in Resources */ = {isa = PBXBuildFile; fileRef = 4E954AAC29ED05D900ADECE0 /* Assets.xcassets */; };
		4E954AB029ED05D900ADECE0 /* LaunchScreen.storyboard in Resources */ = {isa = PBXBuildFile; fileRef = 4E954AAE29ED05D900ADECE0 /* LaunchScreen.storyboard */; };
		4EC07EEA29EF33BF00027410 /* SnapKit in Frameworks */ = {isa = PBXBuildFile; productRef = 4EC07EE929EF33BF00027410 /* SnapKit */; };
		4EC07EEC29EF37B500027410 /* Extenstions.swift in Sources */ = {isa = PBXBuildFile; fileRef = 4EC07EEB29EF37B500027410 /* Extenstions.swift */; };
		4ED800E529ED942C00ABF0A1 /* CategoryViewController.swift in Sources */ = {isa = PBXBuildFile; fileRef = 4ED800E429ED942C00ABF0A1 /* CategoryViewController.swift */; };
		4ED800ED29ED946A00ABF0A1 /* GameResultViewController.swift in Sources */ = {isa = PBXBuildFile; fileRef = 4ED800EC29ED946A00ABF0A1 /* GameResultViewController.swift */; };
		4ED800EF29ED948000ABF0A1 /* RulesViewController.swift in Sources */ = {isa = PBXBuildFile; fileRef = 4ED800EE29ED948000ABF0A1 /* RulesViewController.swift */; };
/* End PBXBuildFile section */

/* Begin PBXFileReference section */
		0039CF1E29EFE25700AABED7 /* Resources.swift */ = {isa = PBXFileReference; lastKnownFileType = sourcecode.swift; path = Resources.swift; sourceTree = "<group>"; };
		0039CF2429EFEDCD00AABED7 /* GreenButton.swift */ = {isa = PBXFileReference; lastKnownFileType = sourcecode.swift; path = GreenButton.swift; sourceTree = "<group>"; };
		045D2CA729F145850019CB00 /* TeamViewController.swift */ = {isa = PBXFileReference; lastKnownFileType = sourcecode.swift; path = TeamViewController.swift; sourceTree = "<group>"; };
		045D2CAA29F145B80019CB00 /* TeamCollectionViewCell.swift */ = {isa = PBXFileReference; lastKnownFileType = sourcecode.swift; path = TeamCollectionViewCell.swift; sourceTree = "<group>"; };
		045D2CAC29F146180019CB00 /* Category.swift */ = {isa = PBXFileReference; lastKnownFileType = sourcecode.swift; name = Category.swift; path = Crocodile/Controllers/TeamVC/Category.swift; sourceTree = SOURCE_ROOT; };
		045D2CAF29F147090019CB00 /* CategoryCollectionViewCell.swift */ = {isa = PBXFileReference; lastKnownFileType = sourcecode.swift; path = CategoryCollectionViewCell.swift; sourceTree = "<group>"; };
		4E31403C29F3F40900B1AC84 /* TeamVC.swift */ = {isa = PBXFileReference; lastKnownFileType = sourcecode.swift; path = TeamVC.swift; sourceTree = "<group>"; };
		4E31403E29F3F6BA00B1AC84 /* TeamVC+Ext.swift */ = {isa = PBXFileReference; lastKnownFileType = sourcecode.swift; path = "TeamVC+Ext.swift"; sourceTree = "<group>"; };
		4E31404629F43EFB00B1AC84 /* CategoryVC.swift */ = {isa = PBXFileReference; lastKnownFileType = sourcecode.swift; path = CategoryVC.swift; sourceTree = "<group>"; };
		4E31404829F43F8500B1AC84 /* CategoryVC+Ext.swift */ = {isa = PBXFileReference; lastKnownFileType = sourcecode.swift; path = "CategoryVC+Ext.swift"; sourceTree = "<group>"; };
		4E31405229F490B800B1AC84 /* MusicModel.swift */ = {isa = PBXFileReference; lastKnownFileType = sourcecode.swift; path = MusicModel.swift; sourceTree = "<group>"; };
		4E31405429F490E800B1AC84 /* GameViewController.swift */ = {isa = PBXFileReference; lastKnownFileType = sourcecode.swift; path = GameViewController.swift; sourceTree = "<group>"; };
		4E31405629F4910E00B1AC84 /* GameView.swift */ = {isa = PBXFileReference; lastKnownFileType = sourcecode.swift; path = GameView.swift; sourceTree = "<group>"; };
		4E31405829F491FD00B1AC84 /* Team.swift */ = {isa = PBXFileReference; lastKnownFileType = sourcecode.swift; path = Team.swift; sourceTree = "<group>"; };
		4E31405A29F4921500B1AC84 /* lost.wav */ = {isa = PBXFileReference; lastKnownFileType = audio.wav; path = lost.wav; sourceTree = "<group>"; };
		4E31405B29F4921500B1AC84 /* win.wav */ = {isa = PBXFileReference; lastKnownFileType = audio.wav; path = win.wav; sourceTree = "<group>"; };
		4E31405C29F4921500B1AC84 /* 321.wav */ = {isa = PBXFileReference; lastKnownFileType = audio.wav; path = 321.wav; sourceTree = "<group>"; };
		4E31406029F492AD00B1AC84 /* CorrectWrongView.swift */ = {isa = PBXFileReference; fileEncoding = 4; lastKnownFileType = sourcecode.swift; path = CorrectWrongView.swift; sourceTree = "<group>"; };
		4E31406229F4948400B1AC84 /* GameResults.swift */ = {isa = PBXFileReference; lastKnownFileType = sourcecode.swift; path = GameResults.swift; sourceTree = "<group>"; };
		4E31406529F497C000B1AC84 /* ResultCell.swift */ = {isa = PBXFileReference; lastKnownFileType = sourcecode.swift; path = ResultCell.swift; sourceTree = "<group>"; };
		4E5DD48529F105D800E15AEE /* MainVC+ext.swift */ = {isa = PBXFileReference; lastKnownFileType = sourcecode.swift; path = "MainVC+ext.swift"; sourceTree = "<group>"; };
		4E954AA029ED05D600ADECE0 /* Crocodile.app */ = {isa = PBXFileReference; explicitFileType = wrapper.application; includeInIndex = 0; path = Crocodile.app; sourceTree = BUILT_PRODUCTS_DIR; };
		4E954AA329ED05D600ADECE0 /* AppDelegate.swift */ = {isa = PBXFileReference; lastKnownFileType = sourcecode.swift; path = AppDelegate.swift; sourceTree = "<group>"; };
		4E954AA529ED05D600ADECE0 /* SceneDelegate.swift */ = {isa = PBXFileReference; lastKnownFileType = sourcecode.swift; path = SceneDelegate.swift; sourceTree = "<group>"; };
		4E954AA729ED05D600ADECE0 /* MainViewController.swift */ = {isa = PBXFileReference; lastKnownFileType = sourcecode.swift; path = MainViewController.swift; sourceTree = "<group>"; };
		4E954AAC29ED05D900ADECE0 /* Assets.xcassets */ = {isa = PBXFileReference; lastKnownFileType = folder.assetcatalog; path = Assets.xcassets; sourceTree = "<group>"; };
		4E954AAF29ED05D900ADECE0 /* Base */ = {isa = PBXFileReference; lastKnownFileType = file.storyboard; name = Base; path = Base.lproj/LaunchScreen.storyboard; sourceTree = "<group>"; };
		4E954AB129ED05D900ADECE0 /* Info.plist */ = {isa = PBXFileReference; lastKnownFileType = text.plist.xml; path = Info.plist; sourceTree = "<group>"; };
		4EC07EEB29EF37B500027410 /* Extenstions.swift */ = {isa = PBXFileReference; lastKnownFileType = sourcecode.swift; path = Extenstions.swift; sourceTree = "<group>"; };
		4EC326C329F2CF1600001B4F /* CorrectVC.swift */ = {isa = PBXFileReference; lastKnownFileType = sourcecode.swift; path = CorrectVC.swift; sourceTree = "<group>"; };
		4ED800E429ED942C00ABF0A1 /* CategoryViewController.swift */ = {isa = PBXFileReference; lastKnownFileType = sourcecode.swift; path = CategoryViewController.swift; sourceTree = "<group>"; };
		4ED800EC29ED946A00ABF0A1 /* GameResultViewController.swift */ = {isa = PBXFileReference; lastKnownFileType = sourcecode.swift; path = GameResultViewController.swift; sourceTree = "<group>"; };
		4ED800EE29ED948000ABF0A1 /* RulesViewController.swift */ = {isa = PBXFileReference; lastKnownFileType = sourcecode.swift; path = RulesViewController.swift; sourceTree = "<group>"; };
		4ED800F129ED94FA00ABF0A1 /* Constants.swift */ = {isa = PBXFileReference; lastKnownFileType = sourcecode.swift; path = Constants.swift; sourceTree = "<group>"; };
/* End PBXFileReference section */

/* Begin PBXFrameworksBuildPhase section */
		4E954A9D29ED05D600ADECE0 /* Frameworks */ = {
			isa = PBXFrameworksBuildPhase;
			buildActionMask = 2147483647;
			files = (
				4EC07EEA29EF33BF00027410 /* SnapKit in Frameworks */,
			);
			runOnlyForDeploymentPostprocessing = 0;
		};
/* End PBXFrameworksBuildPhase section */

/* Begin PBXGroup section */
		0039CF2329EFEDB200AABED7 /* Buttons */ = {
			isa = PBXGroup;
			children = (
				0039CF2429EFEDCD00AABED7 /* GreenButton.swift */,
			);
			path = Buttons;
			sourceTree = "<group>";
		};
		045D2CA929F145910019CB00 /* TeamVC */ = {
			isa = PBXGroup;
			children = (
				045D2CA729F145850019CB00 /* TeamViewController.swift */,
				4E31403C29F3F40900B1AC84 /* TeamVC.swift */,
				4E31403E29F3F6BA00B1AC84 /* TeamVC+Ext.swift */,
			);
			path = TeamVC;
			sourceTree = "<group>";
		};
		045D2CAE29F146E70019CB00 /* CategoryVC */ = {
			isa = PBXGroup;
			children = (
				4ED800E429ED942C00ABF0A1 /* CategoryViewController.swift */,
				4E31404629F43EFB00B1AC84 /* CategoryVC.swift */,
				4E31404829F43F8500B1AC84 /* CategoryVC+Ext.swift */,
			);
			path = CategoryVC;
			sourceTree = "<group>";
		};
		4E31403B29F3F3DA00B1AC84 /* Cells */ = {
			isa = PBXGroup;
			children = (
				045D2CAA29F145B80019CB00 /* TeamCollectionViewCell.swift */,
				045D2CAF29F147090019CB00 /* CategoryCollectionViewCell.swift */,
			);
			path = Cells;
			sourceTree = "<group>";
		};
		4E31405129F48E0300B1AC84 /* Recovered References */ = {
			isa = PBXGroup;
			children = (
				4ED800F129ED94FA00ABF0A1 /* Constants.swift */,
			);
			name = "Recovered References";
			sourceTree = "<group>";
		};
		4E31406429F4948A00B1AC84 /* GameResults */ = {
			isa = PBXGroup;
			children = (
				4ED800EC29ED946A00ABF0A1 /* GameResultViewController.swift */,
				4E31406229F4948400B1AC84 /* GameResults.swift */,
			);
			path = GameResults;
			sourceTree = "<group>";
		};
		4E4AE40529EFC1F30081F450 /* Views */ = {
			isa = PBXGroup;
			children = (
				8483575A29F16266006A1DE7 /* GameView */,
				0039CF2329EFEDB200AABED7 /* Buttons */,
				4E31403B29F3F3DA00B1AC84 /* Cells */,
				4E4AE40629EFC2110081F450 /* Subviews */,
			);
			path = Views;
			sourceTree = "<group>";
		};
		4E4AE40629EFC2110081F450 /* Subviews */ = {
			isa = PBXGroup;
			children = (
				4E31406029F492AD00B1AC84 /* CorrectWrongView.swift */,
				4E31406529F497C000B1AC84 /* ResultCell.swift */,
			);
			path = Subviews;
			sourceTree = "<group>";
		};
		4E5DD48729F105DD00E15AEE /* MainVC */ = {
			isa = PBXGroup;
			children = (
				4E954AA729ED05D600ADECE0 /* MainViewController.swift */,
				4E5DD48529F105D800E15AEE /* MainVC+ext.swift */,
			);
			path = MainVC;
			sourceTree = "<group>";
		};
		4E954A9729ED05D600ADECE0 = {
			isa = PBXGroup;
			children = (
				4E954AA229ED05D600ADECE0 /* Crocodile */,
				4E954AA129ED05D600ADECE0 /* Products */,
				4E31405129F48E0300B1AC84 /* Recovered References */,
			);
			sourceTree = "<group>";
		};
		4E954AA129ED05D600ADECE0 /* Products */ = {
			isa = PBXGroup;
			children = (
				4E954AA029ED05D600ADECE0 /* Crocodile.app */,
			);
			name = Products;
			sourceTree = "<group>";
		};
		4E954AA229ED05D600ADECE0 /* Crocodile */ = {
			isa = PBXGroup;
			children = (
				4ED800F029ED94EC00ABF0A1 /* Utilites */,
				4E954AB729ED05E400ADECE0 /* Controllers */,
				4E4AE40529EFC1F30081F450 /* Views */,
				4E954ABA29ED067200ADECE0 /* Model */,
				4E954AB929ED065700ADECE0 /* Support */,
				4E954AB129ED05D900ADECE0 /* Info.plist */,
			);
			path = Crocodile;
			sourceTree = "<group>";
		};
		4E954AB729ED05E400ADECE0 /* Controllers */ = {
			isa = PBXGroup;
			children = (
				8483576829F16C2D006A1DE7 /* GameVC */,
				4E5DD48729F105DD00E15AEE /* MainVC */,
				045D2CA929F145910019CB00 /* TeamVC */,
				045D2CAE29F146E70019CB00 /* CategoryVC */,
				4E98A3F329F4ADB60050AB98 /* CorrectVC */,
				4E31406429F4948A00B1AC84 /* GameResults */,
				4E98A3F429F4ADC20050AB98 /* Rules */,
			);
			path = Controllers;
			sourceTree = "<group>";
		};
		4E954AB929ED065700ADECE0 /* Support */ = {
			isa = PBXGroup;
			children = (
				8483576129F1633E006A1DE7 /* Sounds */,
				4E954AA329ED05D600ADECE0 /* AppDelegate.swift */,
				4E954AA529ED05D600ADECE0 /* SceneDelegate.swift */,
				4E954AAC29ED05D900ADECE0 /* Assets.xcassets */,
				4E954AAE29ED05D900ADECE0 /* LaunchScreen.storyboard */,
			);
			path = Support;
			sourceTree = "<group>";
		};
		4E954ABA29ED067200ADECE0 /* Model */ = {
			isa = PBXGroup;
			children = (
				045D2CAC29F146180019CB00 /* Category.swift */,
				4E31405229F490B800B1AC84 /* MusicModel.swift */,
				4E31405829F491FD00B1AC84 /* Team.swift */,
			);
			path = Model;
			sourceTree = "<group>";
		};
		4E98A3F329F4ADB60050AB98 /* CorrectVC */ = {
			isa = PBXGroup;
			children = (
				4EC326C329F2CF1600001B4F /* CorrectVC.swift */,
			);
			path = CorrectVC;
			sourceTree = "<group>";
		};
		4E98A3F429F4ADC20050AB98 /* Rules */ = {
			isa = PBXGroup;
			children = (
				4ED800EE29ED948000ABF0A1 /* RulesViewController.swift */,
			);
			path = Rules;
			sourceTree = "<group>";
		};
		4ED800F029ED94EC00ABF0A1 /* Utilites */ = {
			isa = PBXGroup;
			children = (
				0039CF1E29EFE25700AABED7 /* Resources.swift */,
				4EC07EEB29EF37B500027410 /* Extenstions.swift */,
			);
			path = Utilites;
			sourceTree = "<group>";
		};
		8483575A29F16266006A1DE7 /* GameView */ = {
			isa = PBXGroup;
			children = (
				4E31405629F4910E00B1AC84 /* GameView.swift */,
			);
			path = GameView;
			sourceTree = "<group>";
		};
		8483576129F1633E006A1DE7 /* Sounds */ = {
			isa = PBXGroup;
			children = (
				4E31405C29F4921500B1AC84 /* 321.wav */,
				4E31405A29F4921500B1AC84 /* lost.wav */,
				4E31405B29F4921500B1AC84 /* win.wav */,
			);
			path = Sounds;
			sourceTree = "<group>";
		};
		8483576829F16C2D006A1DE7 /* GameVC */ = {
			isa = PBXGroup;
			children = (
				4E31405429F490E800B1AC84 /* GameViewController.swift */,
			);
			path = GameVC;
			sourceTree = "<group>";
		};
/* End PBXGroup section */

/* Begin PBXNativeTarget section */
		4E954A9F29ED05D600ADECE0 /* Crocodile */ = {
			isa = PBXNativeTarget;
			buildConfigurationList = 4E954AB429ED05D900ADECE0 /* Build configuration list for PBXNativeTarget "Crocodile" */;
			buildPhases = (
				4E954A9C29ED05D600ADECE0 /* Sources */,
				4E954A9D29ED05D600ADECE0 /* Frameworks */,
				4E954A9E29ED05D600ADECE0 /* Resources */,
			);
			buildRules = (
			);
			dependencies = (
			);
			name = Crocodile;
			packageProductDependencies = (
				4EC07EE929EF33BF00027410 /* SnapKit */,
			);
			productName = Crocodile;
			productReference = 4E954AA029ED05D600ADECE0 /* Crocodile.app */;
			productType = "com.apple.product-type.application";
		};
/* End PBXNativeTarget section */

/* Begin PBXProject section */
		4E954A9829ED05D600ADECE0 /* Project object */ = {
			isa = PBXProject;
			attributes = {
				BuildIndependentTargetsInParallel = 1;
				LastSwiftUpdateCheck = 1420;
				LastUpgradeCheck = 1420;
				TargetAttributes = {
					4E954A9F29ED05D600ADECE0 = {
						CreatedOnToolsVersion = 14.2;
					};
				};
			};
			buildConfigurationList = 4E954A9B29ED05D600ADECE0 /* Build configuration list for PBXProject "Crocodile" */;
			compatibilityVersion = "Xcode 14.0";
			developmentRegion = en;
			hasScannedForEncodings = 0;
			knownRegions = (
				en,
				Base,
			);
			mainGroup = 4E954A9729ED05D600ADECE0;
			packageReferences = (
				4EC07EE829EF33BE00027410 /* XCRemoteSwiftPackageReference "SnapKit" */,
			);
			productRefGroup = 4E954AA129ED05D600ADECE0 /* Products */;
			projectDirPath = "";
			projectRoot = "";
			targets = (
				4E954A9F29ED05D600ADECE0 /* Crocodile */,
			);
		};
/* End PBXProject section */

/* Begin PBXResourcesBuildPhase section */
		4E954A9E29ED05D600ADECE0 /* Resources */ = {
			isa = PBXResourcesBuildPhase;
			buildActionMask = 2147483647;
			files = (
				4E31405D29F4921500B1AC84 /* lost.wav in Resources */,
				4E31405F29F4921500B1AC84 /* 321.wav in Resources */,
				4E31405E29F4921500B1AC84 /* win.wav in Resources */,
				4E954AB029ED05D900ADECE0 /* LaunchScreen.storyboard in Resources */,
				4E954AAD29ED05D900ADECE0 /* Assets.xcassets in Resources */,
			);
			runOnlyForDeploymentPostprocessing = 0;
		};
/* End PBXResourcesBuildPhase section */

/* Begin PBXSourcesBuildPhase section */
		4E954A9C29ED05D600ADECE0 /* Sources */ = {
			isa = PBXSourcesBuildPhase;
			buildActionMask = 2147483647;
			files = (
				4E5DD48629F105D800E15AEE /* MainVC+ext.swift in Sources */,
				4ED800ED29ED946A00ABF0A1 /* GameResultViewController.swift in Sources */,
				4ED800E529ED942C00ABF0A1 /* CategoryViewController.swift in Sources */,
				045D2CB029F147090019CB00 /* CategoryCollectionViewCell.swift in Sources */,
				045D2CA829F145850019CB00 /* TeamViewController.swift in Sources */,
				045D2CAB29F145B80019CB00 /* TeamCollectionViewCell.swift in Sources */,
				4E954AA829ED05D600ADECE0 /* MainViewController.swift in Sources */,
				4E31406129F492AD00B1AC84 /* CorrectWrongView.swift in Sources */,
				0039CF2529EFEDCD00AABED7 /* GreenButton.swift in Sources */,
				4E31405329F490B800B1AC84 /* MusicModel.swift in Sources */,
				4ED800EF29ED948000ABF0A1 /* RulesViewController.swift in Sources */,
				4EC07EEC29EF37B500027410 /* Extenstions.swift in Sources */,
				4E31405929F491FD00B1AC84 /* Team.swift in Sources */,
				4E31405729F4910E00B1AC84 /* GameView.swift in Sources */,
				4E31404729F43EFB00B1AC84 /* CategoryVC.swift in Sources */,
				4E31403D29F3F40900B1AC84 /* TeamVC.swift in Sources */,
				4E31404929F43F8500B1AC84 /* CategoryVC+Ext.swift in Sources */,
				0039CF1F29EFE25700AABED7 /* Resources.swift in Sources */,
				4E31406329F4948400B1AC84 /* GameResults.swift in Sources */,
				4E954AA429ED05D600ADECE0 /* AppDelegate.swift in Sources */,
				4E954AA629ED05D600ADECE0 /* SceneDelegate.swift in Sources */,
				4E31406629F497C000B1AC84 /* ResultCell.swift in Sources */,
				045D2CAD29F146180019CB00 /* Category.swift in Sources */,
				4E31405529F490E800B1AC84 /* GameViewController.swift in Sources */,
				4E31403F29F3F6BA00B1AC84 /* TeamVC+Ext.swift in Sources */,
			);
			runOnlyForDeploymentPostprocessing = 0;
		};
/* End PBXSourcesBuildPhase section */

/* Begin PBXVariantGroup section */
		4E954AAE29ED05D900ADECE0 /* LaunchScreen.storyboard */ = {
			isa = PBXVariantGroup;
			children = (
				4E954AAF29ED05D900ADECE0 /* Base */,
			);
			name = LaunchScreen.storyboard;
			sourceTree = "<group>";
		};
/* End PBXVariantGroup section */

/* Begin XCBuildConfiguration section */
		4E954AB229ED05D900ADECE0 /* Debug */ = {
			isa = XCBuildConfiguration;
			buildSettings = {
				ALWAYS_SEARCH_USER_PATHS = NO;
				CLANG_ANALYZER_NONNULL = YES;
				CLANG_ANALYZER_NUMBER_OBJECT_CONVERSION = YES_AGGRESSIVE;
				CLANG_CXX_LANGUAGE_STANDARD = "gnu++20";
				CLANG_ENABLE_MODULES = YES;
				CLANG_ENABLE_OBJC_ARC = YES;
				CLANG_ENABLE_OBJC_WEAK = YES;
				CLANG_WARN_BLOCK_CAPTURE_AUTORELEASING = YES;
				CLANG_WARN_BOOL_CONVERSION = YES;
				CLANG_WARN_COMMA = YES;
				CLANG_WARN_CONSTANT_CONVERSION = YES;
				CLANG_WARN_DEPRECATED_OBJC_IMPLEMENTATIONS = YES;
				CLANG_WARN_DIRECT_OBJC_ISA_USAGE = YES_ERROR;
				CLANG_WARN_DOCUMENTATION_COMMENTS = YES;
				CLANG_WARN_EMPTY_BODY = YES;
				CLANG_WARN_ENUM_CONVERSION = YES;
				CLANG_WARN_INFINITE_RECURSION = YES;
				CLANG_WARN_INT_CONVERSION = YES;
				CLANG_WARN_NON_LITERAL_NULL_CONVERSION = YES;
				CLANG_WARN_OBJC_IMPLICIT_RETAIN_SELF = YES;
				CLANG_WARN_OBJC_LITERAL_CONVERSION = YES;
				CLANG_WARN_OBJC_ROOT_CLASS = YES_ERROR;
				CLANG_WARN_QUOTED_INCLUDE_IN_FRAMEWORK_HEADER = YES;
				CLANG_WARN_RANGE_LOOP_ANALYSIS = YES;
				CLANG_WARN_STRICT_PROTOTYPES = YES;
				CLANG_WARN_SUSPICIOUS_MOVE = YES;
				CLANG_WARN_UNGUARDED_AVAILABILITY = YES_AGGRESSIVE;
				CLANG_WARN_UNREACHABLE_CODE = YES;
				CLANG_WARN__DUPLICATE_METHOD_MATCH = YES;
				COPY_PHASE_STRIP = NO;
				DEBUG_INFORMATION_FORMAT = dwarf;
				ENABLE_STRICT_OBJC_MSGSEND = YES;
				ENABLE_TESTABILITY = YES;
				GCC_C_LANGUAGE_STANDARD = gnu11;
				GCC_DYNAMIC_NO_PIC = NO;
				GCC_NO_COMMON_BLOCKS = YES;
				GCC_OPTIMIZATION_LEVEL = 0;
				GCC_PREPROCESSOR_DEFINITIONS = (
					"DEBUG=1",
					"$(inherited)",
				);
				GCC_WARN_64_TO_32_BIT_CONVERSION = YES;
				GCC_WARN_ABOUT_RETURN_TYPE = YES_ERROR;
				GCC_WARN_UNDECLARED_SELECTOR = YES;
				GCC_WARN_UNINITIALIZED_AUTOS = YES_AGGRESSIVE;
				GCC_WARN_UNUSED_FUNCTION = YES;
				GCC_WARN_UNUSED_VARIABLE = YES;
				IPHONEOS_DEPLOYMENT_TARGET = 16.2;
				MTL_ENABLE_DEBUG_INFO = INCLUDE_SOURCE;
				MTL_FAST_MATH = YES;
				ONLY_ACTIVE_ARCH = YES;
				SDKROOT = iphoneos;
				SWIFT_ACTIVE_COMPILATION_CONDITIONS = DEBUG;
				SWIFT_OPTIMIZATION_LEVEL = "-Onone";
			};
			name = Debug;
		};
		4E954AB329ED05D900ADECE0 /* Release */ = {
			isa = XCBuildConfiguration;
			buildSettings = {
				ALWAYS_SEARCH_USER_PATHS = NO;
				CLANG_ANALYZER_NONNULL = YES;
				CLANG_ANALYZER_NUMBER_OBJECT_CONVERSION = YES_AGGRESSIVE;
				CLANG_CXX_LANGUAGE_STANDARD = "gnu++20";
				CLANG_ENABLE_MODULES = YES;
				CLANG_ENABLE_OBJC_ARC = YES;
				CLANG_ENABLE_OBJC_WEAK = YES;
				CLANG_WARN_BLOCK_CAPTURE_AUTORELEASING = YES;
				CLANG_WARN_BOOL_CONVERSION = YES;
				CLANG_WARN_COMMA = YES;
				CLANG_WARN_CONSTANT_CONVERSION = YES;
				CLANG_WARN_DEPRECATED_OBJC_IMPLEMENTATIONS = YES;
				CLANG_WARN_DIRECT_OBJC_ISA_USAGE = YES_ERROR;
				CLANG_WARN_DOCUMENTATION_COMMENTS = YES;
				CLANG_WARN_EMPTY_BODY = YES;
				CLANG_WARN_ENUM_CONVERSION = YES;
				CLANG_WARN_INFINITE_RECURSION = YES;
				CLANG_WARN_INT_CONVERSION = YES;
				CLANG_WARN_NON_LITERAL_NULL_CONVERSION = YES;
				CLANG_WARN_OBJC_IMPLICIT_RETAIN_SELF = YES;
				CLANG_WARN_OBJC_LITERAL_CONVERSION = YES;
				CLANG_WARN_OBJC_ROOT_CLASS = YES_ERROR;
				CLANG_WARN_QUOTED_INCLUDE_IN_FRAMEWORK_HEADER = YES;
				CLANG_WARN_RANGE_LOOP_ANALYSIS = YES;
				CLANG_WARN_STRICT_PROTOTYPES = YES;
				CLANG_WARN_SUSPICIOUS_MOVE = YES;
				CLANG_WARN_UNGUARDED_AVAILABILITY = YES_AGGRESSIVE;
				CLANG_WARN_UNREACHABLE_CODE = YES;
				CLANG_WARN__DUPLICATE_METHOD_MATCH = YES;
				COPY_PHASE_STRIP = NO;
				DEBUG_INFORMATION_FORMAT = "dwarf-with-dsym";
				ENABLE_NS_ASSERTIONS = NO;
				ENABLE_STRICT_OBJC_MSGSEND = YES;
				GCC_C_LANGUAGE_STANDARD = gnu11;
				GCC_NO_COMMON_BLOCKS = YES;
				GCC_WARN_64_TO_32_BIT_CONVERSION = YES;
				GCC_WARN_ABOUT_RETURN_TYPE = YES_ERROR;
				GCC_WARN_UNDECLARED_SELECTOR = YES;
				GCC_WARN_UNINITIALIZED_AUTOS = YES_AGGRESSIVE;
				GCC_WARN_UNUSED_FUNCTION = YES;
				GCC_WARN_UNUSED_VARIABLE = YES;
				IPHONEOS_DEPLOYMENT_TARGET = 16.2;
				MTL_ENABLE_DEBUG_INFO = NO;
				MTL_FAST_MATH = YES;
				SDKROOT = iphoneos;
				SWIFT_COMPILATION_MODE = wholemodule;
				SWIFT_OPTIMIZATION_LEVEL = "-O";
				VALIDATE_PRODUCT = YES;
			};
			name = Release;
		};
		4E954AB529ED05D900ADECE0 /* Debug */ = {
			isa = XCBuildConfiguration;
			buildSettings = {
				ASSETCATALOG_COMPILER_APPICON_NAME = AppIcon;
				ASSETCATALOG_COMPILER_GLOBAL_ACCENT_COLOR_NAME = AccentColor;
				CODE_SIGN_STYLE = Automatic;
				CURRENT_PROJECT_VERSION = 1;
				DEVELOPMENT_TEAM = 5PVHGUKPAW;
				GENERATE_INFOPLIST_FILE = YES;
				INFOPLIST_FILE = Crocodile/Info.plist;
				INFOPLIST_KEY_CFBundleDisplayName = "Крокодил";
				INFOPLIST_KEY_LSApplicationCategoryType = "public.app-category.games";
				INFOPLIST_KEY_UIApplicationSupportsIndirectInputEvents = YES;
				INFOPLIST_KEY_UILaunchStoryboardName = LaunchScreen;
				INFOPLIST_KEY_UISupportedInterfaceOrientations = UIInterfaceOrientationPortrait;
				IPHONEOS_DEPLOYMENT_TARGET = 14.0;
				LD_RUNPATH_SEARCH_PATHS = (
					"$(inherited)",
					"@executable_path/Frameworks",
				);
				MARKETING_VERSION = 2.0;
				PRODUCT_BUNDLE_IDENTIFIER = com.CodingKovs.Crocodile;
				PRODUCT_NAME = "$(TARGET_NAME)";
				SUPPORTED_PLATFORMS = "iphoneos iphonesimulator";
				SUPPORTS_MACCATALYST = NO;
				SUPPORTS_MAC_DESIGNED_FOR_IPHONE_IPAD = NO;
				SWIFT_EMIT_LOC_STRINGS = YES;
				SWIFT_VERSION = 5.0;
				TARGETED_DEVICE_FAMILY = 1;
			};
			name = Debug;
		};
		4E954AB629ED05D900ADECE0 /* Release */ = {
			isa = XCBuildConfiguration;
			buildSettings = {
				ASSETCATALOG_COMPILER_APPICON_NAME = AppIcon;
				ASSETCATALOG_COMPILER_GLOBAL_ACCENT_COLOR_NAME = AccentColor;
				CODE_SIGN_STYLE = Automatic;
				CURRENT_PROJECT_VERSION = 1;
				DEVELOPMENT_TEAM = 5PVHGUKPAW;
				GENERATE_INFOPLIST_FILE = YES;
				INFOPLIST_FILE = Crocodile/Info.plist;
				INFOPLIST_KEY_CFBundleDisplayName = "Крокодил";
				INFOPLIST_KEY_LSApplicationCategoryType = "public.app-category.games";
				INFOPLIST_KEY_UIApplicationSupportsIndirectInputEvents = YES;
				INFOPLIST_KEY_UILaunchStoryboardName = LaunchScreen;
				INFOPLIST_KEY_UISupportedInterfaceOrientations = UIInterfaceOrientationPortrait;
				IPHONEOS_DEPLOYMENT_TARGET = 14.0;
				LD_RUNPATH_SEARCH_PATHS = (
					"$(inherited)",
					"@executable_path/Frameworks",
				);
				MARKETING_VERSION = 2.0;
				PRODUCT_BUNDLE_IDENTIFIER = com.CodingKovs.Crocodile;
				PRODUCT_NAME = "$(TARGET_NAME)";
				SUPPORTED_PLATFORMS = "iphoneos iphonesimulator";
				SUPPORTS_MACCATALYST = NO;
				SUPPORTS_MAC_DESIGNED_FOR_IPHONE_IPAD = NO;
				SWIFT_EMIT_LOC_STRINGS = YES;
				SWIFT_VERSION = 5.0;
				TARGETED_DEVICE_FAMILY = 1;
			};
			name = Release;
		};
/* End XCBuildConfiguration section */

/* Begin XCConfigurationList section */
		4E954A9B29ED05D600ADECE0 /* Build configuration list for PBXProject "Crocodile" */ = {
			isa = XCConfigurationList;
			buildConfigurations = (
				4E954AB229ED05D900ADECE0 /* Debug */,
				4E954AB329ED05D900ADECE0 /* Release */,
			);
			defaultConfigurationIsVisible = 0;
			defaultConfigurationName = Release;
		};
		4E954AB429ED05D900ADECE0 /* Build configuration list for PBXNativeTarget "Crocodile" */ = {
			isa = XCConfigurationList;
			buildConfigurations = (
				4E954AB529ED05D900ADECE0 /* Debug */,
				4E954AB629ED05D900ADECE0 /* Release */,
			);
			defaultConfigurationIsVisible = 0;
			defaultConfigurationName = Release;
		};
/* End XCConfigurationList section */

/* Begin XCRemoteSwiftPackageReference section */
		4EC07EE829EF33BE00027410 /* XCRemoteSwiftPackageReference "SnapKit" */ = {
			isa = XCRemoteSwiftPackageReference;
			repositoryURL = "https://github.com/SnapKit/SnapKit";
			requirement = {
				kind = upToNextMajorVersion;
				minimumVersion = 5.0.0;
			};
		};
/* End XCRemoteSwiftPackageReference section */

/* Begin XCSwiftPackageProductDependency section */
		4EC07EE929EF33BF00027410 /* SnapKit */ = {
			isa = XCSwiftPackageProductDependency;
			package = 4EC07EE829EF33BE00027410 /* XCRemoteSwiftPackageReference "SnapKit" */;
			productName = SnapKit;
		};
/* End XCSwiftPackageProductDependency section */
	};
	rootObject = 4E954A9829ED05D600ADECE0 /* Project object */;
}
